
Microsoft Visual Studio Solution File, Format Version 12.00
# Visual Studio Version 17
VisualStudioVersion = 17.1.32421.90
MinimumVisualStudioVersion = 10.0.40219.1
Project("{FAE04EC0-301F-11D3-BF4B-00C04F79EFBC}") = "APITabelaFip", "APITabelaFip.csproj", "{66B2BA3D-B353-4C4D-9220-FFDEBEFE9716}"
EndProject
Global
	GlobalSection(SolutionConfigurationPlatforms) = preSolution
		Debug|Any CPU = Debug|Any CPU
		Release|Any CPU = Release|Any CPU
	EndGlobalSection
	GlobalSection(ProjectConfigurationPlatforms) = postSolution
		{66B2BA3D-B353-4C4D-9220-FFDEBEFE9716}.Debug|Any CPU.ActiveCfg = Debug|Any CPU
		{66B2BA3D-B353-4C4D-9220-FFDEBEFE9716}.Debug|Any CPU.Build.0 = Debug|Any CPU
		{66B2BA3D-B353-4C4D-9220-FFDEBEFE9716}.Release|Any CPU.ActiveCfg = Release|Any CPU
		{66B2BA3D-B353-4C4D-9220-FFDEBEFE9716}.Release|Any CPU.Build.0 = Release|Any CPU
	EndGlobalSection
	GlobalSection(SolutionProperties) = preSolution
		HideSolutionNode = FALSE
	EndGlobalSection
	GlobalSection(ExtensibilityGlobals) = postSolution
		SolutionGuid = {E6D49423-656D-429F-8EDA-61C14782A69D}
	EndGlobalSection
EndGlobal
